
Microsoft Visual Studio Solution File, Format Version 12.00
# Visual Studio Version 17
VisualStudioVersion = 17.8.34408.163
MinimumVisualStudioVersion = 10.0.40219.1
Project("{9A19103F-16F7-4668-BE54-9A1E7A4F7556}") = "Sprint0", "Sprint 0\Sprint0.csproj", "{19BA3B31-A6E2-4278-A75A-C42C4242CECC}"
EndProject
Global
	GlobalSection(SolutionConfigurationPlatforms) = preSolution
		Debug|Any CPU = Debug|Any CPU
		Release|Any CPU = Release|Any CPU
	EndGlobalSection
	GlobalSection(ProjectConfigurationPlatforms) = postSolution
		{19BA3B31-A6E2-4278-A75A-C42C4242CECC}.Debug|Any CPU.ActiveCfg = Debug|Any CPU
		{19BA3B31-A6E2-4278-A75A-C42C4242CECC}.Debug|Any CPU.Build.0 = Debug|Any CPU
		{19BA3B31-A6E2-4278-A75A-C42C4242CECC}.Release|Any CPU.ActiveCfg = Release|Any CPU
		{19BA3B31-A6E2-4278-A75A-C42C4242CECC}.Release|Any CPU.Build.0 = Release|Any CPU
	EndGlobalSection
	GlobalSection(SolutionProperties) = preSolution
		HideSolutionNode = FALSE
	EndGlobalSection
	GlobalSection(ExtensibilityGlobals) = postSolution
		SolutionGuid = {159BF00E-92C1-4D03-AB49-6BA61090B6FE}
	EndGlobalSection
EndGlobal
